<?xml version="1.0" encoding="utf-8"?>
<Project ToolsVersion="4.0" xmlns="http://schemas.microsoft.com/developer/msbuild/2003">
  <ItemGroup>
    <Filter Include="Rendering">
      <UniqueIdentifier>{4e62aede-6d27-40a8-aa7e-21f69be0689c}</UniqueIdentifier>
    </Filter>
    <Filter Include="Core">
      <UniqueIdentifier>{602f9239-1ae5-4d12-ba6a-a3ccb4cbf12b}</UniqueIdentifier>
    </Filter>
    <Filter Include="Libs">
      <UniqueIdentifier>{2db3d701-2e06-44d0-a995-118932410a09}</UniqueIdentifier>
    </Filter>
    <Filter Include="Libs\imgui">
      <UniqueIdentifier>{d084f13c-de9b-4d24-be7e-f515fbe32a1b}</UniqueIdentifier>
    </Filter>
    <Filter Include="Libs\stb_image">
      <UniqueIdentifier>{047f5bca-25f5-4476-a04e-97cfbf2dde9a}</UniqueIdentifier>
    </Filter>
    <Filter Include="Libs\glad">
      <UniqueIdentifier>{1ddc5f31-0296-4ce2-827e-19d6f8b87bde}</UniqueIdentifier>
    </Filter>
  </ItemGroup>
  <ItemGroup>
    <ClCompile Include="lib\imgui\imgui.cpp">
      <Filter>Libs\imgui</Filter>
    </ClCompile>
    <ClCompile Include="lib\imgui\imgui_demo.cpp">
      <Filter>Libs\imgui</Filter>
    </ClCompile>
    <ClCompile Include="lib\imgui\imgui_draw.cpp">
      <Filter>Libs\imgui</Filter>
    </ClCompile>
    <ClCompile Include="lib\imgui\imgui_impl_glfw.cpp">
      <Filter>Libs\imgui</Filter>
    </ClCompile>
    <ClCompile Include="lib\imgui\imgui_impl_opengl3.cpp">
      <Filter>Libs\imgui</Filter>
    </ClCompile>
    <ClCompile Include="lib\imgui\imgui_tables.cpp">
      <Filter>Libs\imgui</Filter>
    </ClCompile>
    <ClCompile Include="lib\imgui\imgui_widgets.cpp">
      <Filter>Libs\imgui</Filter>
    </ClCompile>
    <ClCompile Include="src\Window.cpp">
      <Filter>Rendering</Filter>
    </ClCompile>
    <ClCompile Include="src\EntryPoint.cpp">
      <Filter>Core</Filter>
    </ClCompile>
    <ClCompile Include="src\ProgramManager.cpp">
      <Filter>Core</Filter>
    </ClCompile>
    <ClCompile Include="lib\glad\glad.c">
      <Filter>Libs\glad</Filter>
    </ClCompile>
    <ClCompile Include="src\Camera.cpp">
      <Filter>Rendering</Filter>
    </ClCompile>
    <ClCompile Include="src\FrameBuffer.cpp">
      <Filter>Rendering</Filter>
    </ClCompile>
    <ClCompile Include="src\AABB.cpp">
      <Filter>Core</Filter>
    </ClCompile>
    <ClCompile Include="src\ImGuiContainer.cpp">
      <Filter>Core</Filter>
    </ClCompile>
    <ClCompile Include="src\IndexBuffer.cpp">
      <Filter>Rendering</Filter>
    </ClCompile>
    <ClCompile Include="src\Console.cpp">
      <Filter>Core</Filter>
    </ClCompile>
    <ClCompile Include="src\LineRenderer.cpp">
      <Filter>Rendering</Filter>
    </ClCompile>
    <ClCompile Include="src\Mesh.cpp">
      <Filter>Rendering</Filter>
    </ClCompile>
    <ClCompile Include="src\QuadMesh.cpp">
      <Filter>Rendering</Filter>
    </ClCompile>
    <ClCompile Include="src\QuadRenderer.cpp">
      <Filter>Rendering</Filter>
    </ClCompile>
    <ClCompile Include="src\Texture.cpp">
      <Filter>Rendering</Filter>
    </ClCompile>
    <ClCompile Include="src\ShaderProgram.cpp">
      <Filter>Rendering</Filter>
    </ClCompile>
    <ClCompile Include="src\VertexArrayObject.cpp">
      <Filter>Rendering</Filter>
    </ClCompile>
    <ClCompile Include="src\VertexBuffer.cpp">
      <Filter>Rendering</Filter>
    </ClCompile>
    <ClCompile Include="src\ResourceManager.cpp">
      <Filter>Core</Filter>
    </ClCompile>
    <ClCompile Include="src\Utilities.cpp">
      <Filter>Core</Filter>
    </ClCompile>
  </ItemGroup>
  <ItemGroup>
    <ClInclude Include="lib\imgui\imconfig.h">
      <Filter>Libs\imgui</Filter>
    </ClInclude>
    <ClInclude Include="lib\imgui\imgui.h">
      <Filter>Libs\imgui</Filter>
    </ClInclude>
    <ClInclude Include="lib\imgui\imgui_impl_glfw.h">
      <Filter>Libs\imgui</Filter>
    </ClInclude>
    <ClInclude Include="lib\imgui\imgui_impl_opengl3.h">
      <Filter>Libs\imgui</Filter>
    </ClInclude>
    <ClInclude Include="lib\imgui\imgui_internal.h">
      <Filter>Libs\imgui</Filter>
    </ClInclude>
    <ClInclude Include="lib\stb_image\stb_image.h">
      <Filter>Libs\stb_image</Filter>
    </ClInclude>
    <ClInclude Include="src\Window.h">
      <Filter>Rendering</Filter>
    </ClInclude>
    <ClInclude Include="src\ProgramManager.h">
      <Filter>Core</Filter>
    </ClInclude>
    <ClInclude Include="lib\imgui\imstb_textedit.h">
      <Filter>Libs\imgui</Filter>
    </ClInclude>
    <ClInclude Include="lib\imgui\imstb_rectpack.h">
      <Filter>Libs\imgui</Filter>
    </ClInclude>
    <ClInclude Include="lib\imgui\imstb_truetype.h">
      <Filter>Libs\imgui</Filter>
    </ClInclude>
    <ClInclude Include="lib\glad\glad.h">
      <Filter>Libs\glad</Filter>
    </ClInclude>
    <ClInclude Include="lib\glad\khrplatform.h">
      <Filter>Libs\glad</Filter>
    </ClInclude>
    <ClInclude Include="src\GUI.h">
      <Filter>Core</Filter>
    </ClInclude>
    <ClInclude Include="src\Debug.h">
      <Filter>Core</Filter>
    </ClInclude>
    <ClInclude Include="src\Graphics.h">
      <Filter>Core</Filter>
    </ClInclude>
    <ClInclude Include="src\Matrices.h">
      <Filter>Core</Filter>
    </ClInclude>
    <ClInclude Include="src\Camera.h">
      <Filter>Rendering</Filter>
    </ClInclude>
    <ClInclude Include="src\FrameBuffer.h">
      <Filter>Rendering</Filter>
    </ClInclude>
    <ClInclude Include="src\FrameBufferVertex.h">
      <Filter>Rendering</Filter>
    </ClInclude>
    <ClInclude Include="src\AABB.h">
      <Filter>Core</Filter>
    </ClInclude>
    <ClInclude Include="src\Console.h">
      <Filter>Core</Filter>
    </ClInclude>
    <ClInclude Include="src\ImGuiContainer.h">
      <Filter>Core</Filter>
    </ClInclude>
    <ClInclude Include="src\IndexBuffer.h">
      <Filter>Rendering</Filter>
    </ClInclude>
    <ClInclude Include="src\LineRenderer.h">
      <Filter>Rendering</Filter>
    </ClInclude>
    <ClInclude Include="src\LineVertex.h">
      <Filter>Rendering</Filter>
    </ClInclude>
    <ClInclude Include="src\Mesh.h">
      <Filter>Rendering</Filter>
    </ClInclude>
    <ClInclude Include="src\QuadMesh.h">
      <Filter>Rendering</Filter>
    </ClInclude>
    <ClInclude Include="src\QuadRenderer.h">
      <Filter>Rendering</Filter>
    </ClInclude>
    <ClInclude Include="src\QuadVertex.h">
      <Filter>Rendering</Filter>
    </ClInclude>
    <ClInclude Include="src\Renderer.h">
      <Filter>Rendering</Filter>
    </ClInclude>
    <ClInclude Include="src\ShaderProgram.h">
      <Filter>Rendering</Filter>
    </ClInclude>
    <ClInclude Include="src\Texture.h">
      <Filter>Rendering</Filter>
    </ClInclude>
    <ClInclude Include="src\VertexBuffer.h">
      <Filter>Rendering</Filter>
    </ClInclude>
    <ClInclude Include="src\VertexArrayObject.h">
      <Filter>Rendering</Filter>
    </ClInclude>
    <ClInclude Include="src\VertexAttribute.h">
      <Filter>Rendering</Filter>
    </ClInclude>
    <ClInclude Include="src\Utilities.h">
      <Filter>Core</Filter>
    </ClInclude>
    <ClInclude Include="src\ResourceManager.h">
      <Filter>Core</Filter>
    </ClInclude>
  </ItemGroup>
</Project>