<?xml version="1.0" encoding="utf-8"?>
<Project ToolsVersion="4.0" xmlns="http://schemas.microsoft.com/developer/msbuild/2003">
  <ItemGroup>
    <Filter Include="Rendering">
      <UniqueIdentifier>{4e62aede-6d27-40a8-aa7e-21f69be0689c}</UniqueIdentifier>
    </Filter>
    <Filter Include="Core">
      <UniqueIdentifier>{602f9239-1ae5-4d12-ba6a-a3ccb4cbf12b}</UniqueIdentifier>
    </Filter>
    <Filter Include="Libs">
      <UniqueIdentifier>{2db3d701-2e06-44d0-a995-118932410a09}</UniqueIdentifier>
    </Filter>
    <Filter Include="Libs\imgui">
      <UniqueIdentifier>{d084f13c-de9b-4d24-be7e-f515fbe32a1b}</UniqueIdentifier>
    </Filter>
    <Filter Include="Libs\stb_image">
      <UniqueIdentifier>{047f5bca-25f5-4476-a04e-97cfbf2dde9a}</UniqueIdentifier>
    </Filter>
    <Filter Include="Libs\glad">
      <UniqueIdentifier>{1ddc5f31-0296-4ce2-827e-19d6f8b87bde}</UniqueIdentifier>
    </Filter>
  </ItemGroup>
  <ItemGroup>
    <ClCompile Include="lib\imgui\imgui.cpp">
      <Filter>Libs\imgui</Filter>
    </ClCompile>
    <ClCompile Include="lib\imgui\imgui_demo.cpp">
      <Filter>Libs\imgui</Filter>
    </ClCompile>
    <ClCompile Include="lib\imgui\imgui_draw.cpp">
      <Filter>Libs\imgui</Filter>
    </ClCompile>
    <ClCompile Include="lib\imgui\imgui_impl_glfw.cpp">
      <Filter>Libs\imgui</Filter>
    </ClCompile>
    <ClCompile Include="lib\imgui\imgui_impl_opengl3.cpp">
      <Filter>Libs\imgui</Filter>
    </ClCompile>
    <ClCompile Include="lib\imgui\imgui_tables.cpp">
      <Filter>Libs\imgui</Filter>
    </ClCompile>
    <ClCompile Include="lib\imgui\imgui_widgets.cpp">
      <Filter>Libs\imgui</Filter>
    </ClCompile>
    <ClCompile Include="src\Window.cpp">
      <Filter>Rendering</Filter>
    </ClCompile>
    <ClCompile Include="src\EntryPoint.cpp">
      <Filter>Core</Filter>
    </ClCompile>
    <ClCompile Include="src\ProgramManager.cpp">
      <Filter>Core</Filter>
    </ClCompile>
    <ClCompile Include="lib\glad\glad.c">
      <Filter>Libs\glad</Filter>
    </ClCompile>
    <ClCompile Include="src\QuadMesh.cpp" />
    <ClCompile Include="src\QuadRenderer.cpp" />
    <ClCompile Include="src\ResourceManager.cpp" />
    <ClCompile Include="src\ShaderProgram.cpp" />
    <ClCompile Include="src\Texture.cpp" />
    <ClCompile Include="src\Utilities.cpp" />
    <ClCompile Include="src\VertexArrayObject.cpp" />
    <ClCompile Include="src\VertexBuffer.cpp" />
    <ClCompile Include="src\Mesh.cpp" />
    <ClCompile Include="src\ImGuiContainer.cpp" />
    <ClCompile Include="src\IndexBuffer.cpp" />
    <ClCompile Include="src\LineRenderer.cpp" />
    <ClCompile Include="src\FrameBuffer.cpp" />
    <ClCompile Include="src\Camera.cpp" />
    <ClCompile Include="src\Console.cpp" />
    <ClCompile Include="src\AABB.cpp" />
  </ItemGroup>
  <ItemGroup>
    <ClInclude Include="lib\imgui\imconfig.h">
      <Filter>Libs\imgui</Filter>
    </ClInclude>
    <ClInclude Include="lib\imgui\imgui.h">
      <Filter>Libs\imgui</Filter>
    </ClInclude>
    <ClInclude Include="lib\imgui\imgui_impl_glfw.h">
      <Filter>Libs\imgui</Filter>
    </ClInclude>
    <ClInclude Include="lib\imgui\imgui_impl_opengl3.h">
      <Filter>Libs\imgui</Filter>
    </ClInclude>
    <ClInclude Include="lib\imgui\imgui_internal.h">
      <Filter>Libs\imgui</Filter>
    </ClInclude>
    <ClInclude Include="lib\stb_image\stb_image.h">
      <Filter>Libs\stb_image</Filter>
    </ClInclude>
    <ClInclude Include="src\Window.h">
      <Filter>Rendering</Filter>
    </ClInclude>
    <ClInclude Include="src\ProgramManager.h">
      <Filter>Core</Filter>
    </ClInclude>
    <ClInclude Include="lib\imgui\imstb_textedit.h">
      <Filter>Libs\imgui</Filter>
    </ClInclude>
    <ClInclude Include="lib\imgui\imstb_rectpack.h">
      <Filter>Libs\imgui</Filter>
    </ClInclude>
    <ClInclude Include="lib\imgui\imstb_truetype.h">
      <Filter>Libs\imgui</Filter>
    </ClInclude>
    <ClInclude Include="lib\glad\glad.h">
      <Filter>Libs\glad</Filter>
    </ClInclude>
    <ClInclude Include="lib\glad\khrplatform.h">
      <Filter>Libs\glad</Filter>
    </ClInclude>
    <ClInclude Include="src\GUI.h">
      <Filter>Core</Filter>
    </ClInclude>
    <ClInclude Include="src\Debug.h">
      <Filter>Core</Filter>
    </ClInclude>
    <ClInclude Include="src\Graphics.h">
      <Filter>Core</Filter>
    </ClInclude>
    <ClInclude Include="src\Matrices.h">
      <Filter>Core</Filter>
    </ClInclude>
    <ClInclude Include="src\VertexBuffer.h" />
    <ClInclude Include="src\QuadMesh.h" />
    <ClInclude Include="src\QuadRenderer.h" />
    <ClInclude Include="src\QuadVertex.h" />
    <ClInclude Include="src\Renderer.h" />
    <ClInclude Include="src\ResourceManager.h" />
    <ClInclude Include="src\ShaderProgram.h" />
    <ClInclude Include="src\Texture.h" />
    <ClInclude Include="src\Utilities.h" />
    <ClInclude Include="src\VertexArrayObject.h" />
    <ClInclude Include="src\VertexAttribute.h" />
    <ClInclude Include="src\Mesh.h" />
    <ClInclude Include="src\LineVertex.h" />
    <ClInclude Include="src\ImGuiContainer.h" />
    <ClInclude Include="src\IndexBuffer.h" />
    <ClInclude Include="src\LineRenderer.h" />
    <ClInclude Include="src\FrameBufferVertex.h" />
    <ClInclude Include="src\FrameBuffer.h" />
    <ClInclude Include="src\Console.h" />
    <ClInclude Include="src\AABB.h" />
    <ClInclude Include="src\Camera.h" />
  </ItemGroup>
</Project>